
Microsoft Visual Studio Solution File, Format Version 12.00
# Visual Studio Version 17
VisualStudioVersion = 17.8.34511.84
MinimumVisualStudioVersion = 10.0.40219.1
Project("{FAE04EC0-301F-11D3-BF4B-00C04F79EFBC}") = "Work5", "Work5\Work5.csproj", "{F174D30E-745E-43C5-AD4B-BBE68D6A67DA}"
EndProject
Global
	GlobalSection(SolutionConfigurationPlatforms) = preSolution
		Debug|Any CPU = Debug|Any CPU
		Release|Any CPU = Release|Any CPU
	EndGlobalSection
	GlobalSection(ProjectConfigurationPlatforms) = postSolution
		{F174D30E-745E-43C5-AD4B-BBE68D6A67DA}.Debug|Any CPU.ActiveCfg = Debug|Any CPU
		{F174D30E-745E-43C5-AD4B-BBE68D6A67DA}.Debug|Any CPU.Build.0 = Debug|Any CPU
		{F174D30E-745E-43C5-AD4B-BBE68D6A67DA}.Release|Any CPU.ActiveCfg = Release|Any CPU
		{F174D30E-745E-43C5-AD4B-BBE68D6A67DA}.Release|Any CPU.Build.0 = Release|Any CPU
	EndGlobalSection
	GlobalSection(SolutionProperties) = preSolution
		HideSolutionNode = FALSE
	EndGlobalSection
	GlobalSection(ExtensibilityGlobals) = postSolution
		SolutionGuid = {193BFC76-1AAE-4B10-9F40-787D5AEDB5FE}
	EndGlobalSection
EndGlobal
